{
    "hash": "c731528aeddbe0ef227564d33b43a777",
    "packages": [
        {
            "name": "frandieguez/panorama-php",
            "version": "1.0.2",
            "source": {
                "type": "git",
                "url": "https://github.com/frandieguez/Panorama-PHP.git",
                "reference": "1.0.2"
            },
            "dist": {
                "type": "zip",
                "url": "https://github.com/frandieguez/Panorama-PHP/zipball/1.0.2",
                "reference": "1.0.2",
                "shasum": ""
            },
            "require": {
                "php": ">=5.3.2"
            },
            "time": "2012-10-30 04:56:40",
            "type": "library",
            "installation-source": "dist",
            "autoload": {
                "psr-0": {
                    "Panorama": "lib/"
                }
            },
            "license": [
                "MIT"
            ],
            "authors": [
                {
                    "name": "Fran Diéguez",
                    "email": "fran.dieguez@mabishu.com"
                }
            ],
            "description": "Wrapper class for accessing video services information in a standarized way",
            "homepage": "http://frandieguez.github.com/Panorama-PHP/",
            "keywords": [
                "library"
            ]
        },
        {
            "name": "luracast/restler",
            "version": "v3.0.0",
            "source": {
                "type": "git",
                "url": "git://github.com/Luracast/Restler.git",
                "reference": "v3.0.0"
            },
            "dist": {
                "type": "zip",
                "url": "https://github.com/Luracast/Restler/archive/v3.0.0.zip",
                "reference": "v3.0.0",
                "shasum": ""
            },
            "require": {
                "php": ">=5.3.0"
            },
            "require-dev": {
                "guzzle/guzzle": "2.4.*",
                "luracast/explorer": "*",
                "behat/behat": "2.4.*@stable",
                "rodneyrehm/plist": "dev-master",
                "zendframework/zendamf": "dev-master",
                "symfony/yaml": "*"
            },
            "suggest": {
                "luracast/explorer": "Restler's very own api explorer (see require-dev for details)",
                "guzzle/guzzle": "RESTful api HTTP client framework (see require-dev for details)",
                "behat/behat": "Behaviour driven development testing framework (see require-dev for details)",
                "rodneyrehm/plist": "Restler supports tho Apple plist xml format (see require-dev for details)",
                "zendframework/zendamf": "Support for the amf document format  (see require-dev for details)",
                "symfony/yaml": "Restler can produce content in yaml format as well (see require-dev for details)"
            },
            "time": "2013-01-01 19:30:00",
            "bin": [
                "vendor/restler.php"
            ],
            "type": "library",
            "extra": {
                "branch-alias": {
                    "v3": "v3.0.x-dev"
                }
            },
            "installation-source": "dist",
            "autoload": {
                "psr-0": {
                    "Luracast\\Restler": "vendor/"
                }
            },
            "notification-url": "https://packagist.org/downloads/",
            "license": [
                "LGPL-2.1"
            ],
            "authors": [
                {
                    "name": "Luracast",
                    "email": "arul@luracast.com"
                },
                {
                    "name": "Nick Lombard",
                    "email": "github@jigsoft.co.za"
                }
            ],
            "description": "<p>Restler is a simple and effective multi-format Web API Server framework written in PHP.<br />\nJust deal with your business logic in php, Restler will take care of the REST!</p>",
            "homepage": "http://luracast.com/products/restler/",
            "keywords": [
                "framework",
                "rest",
                "api",
                "server"
            ]
        },
        {
            "name": "monolog/monolog",
            "version": "1.2.1",
            "source": {
                "type": "git",
                "url": "https://github.com/Seldaek/monolog",
                "reference": "1.2.1"
            },
            "dist": {
                "type": "zip",
                "url": "https://github.com/Seldaek/monolog/zipball/1.2.1",
                "reference": "1.2.1",
                "shasum": ""
            },
            "require": {
                "php": ">=5.3.0"
            },
            "require-dev": {
                "mlehner/gelf-php": "1.0.*"
            },
            "suggest": {
                "mlehner/gelf-php": "Allow sending log messages to a GrayLog2 server",
                "ext-amqp": "Allow sending log messages to an AMQP server (1.0+ required)",
                "ext-mongo": "Allow sending log messages to a MongoDB server"
            },
            "time": "2012-08-29 04:53:20",
            "type": "library",
            "extra": {
                "branch-alias": {
                    "dev-master": "1.3.x-dev"
                }
            },
            "installation-source": "dist",
            "autoload": {
                "psr-0": {
                    "Monolog": "src/"
                }
            },
            "notification-url": "https://packagist.org/downloads/",
            "license": [
                "MIT"
            ],
            "authors": [
                {
                    "name": "Jordi Boggiano",
                    "email": "j.boggiano@seld.be",
                    "homepage": "http://seld.be",
                    "role": "Developer"
                }
            ],
            "description": "Logging for PHP 5.3",
            "homepage": "http://github.com/Seldaek/monolog",
            "keywords": [
                "log",
                "logging"
            ]
        },
        {
            "name": "swiftmailer/swiftmailer",
            "version": "4.1.7",
            "source": {
                "type": "git",
                "url": "git://github.com/swiftmailer/swiftmailer.git",
                "reference": "v4.1.7"
            },
            "dist": {
                "type": "zip",
                "url": "https://github.com/swiftmailer/swiftmailer/zipball/v4.1.7",
                "reference": "v4.1.7",
                "shasum": ""
            },
            "require": {
                "php": ">=5.2.4"
            },
            "time": "2012-04-26 09:57:24",
            "type": "library",
            "installation-source": "dist",
            "license": [
                "LGPL"
            ],
            "authors": [
                {
                    "name": "Fabien Potencier",
                    "email": "fabien@symfony.com"
                },
                {
                    "name": "Chris Corbyn"
                }
            ],
            "description": "Swiftmailer, free feature-rich PHP mailer",
            "homepage": "http://swiftmailer.org",
            "keywords": [
                "mail",
                "mailer"
            ]
        },
        {
            "name": "symfony/class-loader",
            "version": "v2.1.7",
            "target-dir": "Symfony/Component/ClassLoader",
            "source": {
                "type": "git",
                "url": "https://github.com/symfony/ClassLoader",
                "reference": "v2.1.7"
            },
            "dist": {
                "type": "zip",
                "url": "https://api.github.com/repos/symfony/ClassLoader/zipball/v2.1.7",
                "reference": "v2.1.7",
                "shasum": ""
            },
            "require": {
                "php": ">=5.3.3"
            },
            "require-dev": {
                "symfony/finder": "2.1.*"
            },
            "time": "2013-01-09 08:51:07",
            "type": "library",
            "installation-source": "dist",
            "autoload": {
                "psr-0": {
                    "Symfony\\Component\\ClassLoader": ""
                }
            },
            "notification-url": "https://packagist.org/downloads/",
            "license": [
                "MIT"
            ],
            "authors": [
                {
                    "name": "Fabien Potencier",
                    "email": "fabien@symfony.com"
                },
                {
                    "name": "Symfony Community",
                    "homepage": "http://symfony.com/contributors"
                }
            ],
            "description": "Symfony ClassLoader Component",
            "homepage": "http://symfony.com"
        },
        {
            "name": "symfony/config",
            "version": "v2.1.7",
            "target-dir": "Symfony/Component/Config",
            "source": {
                "type": "git",
                "url": "https://github.com/symfony/Config",
                "reference": "v2.1.7"
            },
            "dist": {
                "type": "zip",
                "url": "https://api.github.com/repos/symfony/Config/zipball/v2.1.7",
                "reference": "v2.1.7",
                "shasum": ""
            },
            "require": {
                "php": ">=5.3.3"
            },
            "time": "2013-01-09 08:51:07",
            "type": "library",
            "installation-source": "dist",
            "autoload": {
                "psr-0": {
                    "Symfony\\Component\\Config": ""
                }
            },
            "notification-url": "https://packagist.org/downloads/",
            "license": [
                "MIT"
            ],
            "authors": [
                {
                    "name": "Fabien Potencier",
                    "email": "fabien@symfony.com"
                },
                {
                    "name": "Symfony Community",
                    "homepage": "http://symfony.com/contributors"
                }
            ],
            "description": "Symfony Config Component",
            "homepage": "http://symfony.com"
        },
        {
            "name": "symfony/console",
            "version": "v2.1.7",
            "target-dir": "Symfony/Component/Console",
            "source": {
                "type": "git",
                "url": "https://github.com/symfony/Console",
                "reference": "v2.1.7"
            },
            "dist": {
                "type": "zip",
                "url": "https://api.github.com/repos/symfony/Console/zipball/v2.1.7",
                "reference": "v2.1.7",
                "shasum": ""
            },
            "require": {
                "php": ">=5.3.3"
            },
            "time": "2013-01-17 15:20:05",
            "type": "library",
            "installation-source": "dist",
            "autoload": {
                "psr-0": {
                    "Symfony\\Component\\Console": ""
                }
            },
            "notification-url": "https://packagist.org/downloads/",
            "license": [
                "MIT"
            ],
            "authors": [
                {
                    "name": "Fabien Potencier",
                    "email": "fabien@symfony.com"
                },
                {
                    "name": "Symfony Community",
                    "homepage": "http://symfony.com/contributors"
                }
            ],
            "description": "Symfony Console Component",
            "homepage": "http://symfony.com"
        },
        {
            "name": "symfony/dependency-injection",
            "version": "v2.1.7",
            "target-dir": "Symfony/Component/DependencyInjection",
            "source": {
                "type": "git",
                "url": "https://github.com/symfony/DependencyInjection",
                "reference": "v2.1.7"
            },
            "dist": {
                "type": "zip",
                "url": "https://github.com/symfony/DependencyInjection/archive/v2.1.7.zip",
                "reference": "v2.1.7",
                "shasum": ""
            },
            "require": {
                "php": ">=5.3.3"
            },
            "require-dev": {
                "symfony/yaml": "2.1.*",
                "symfony/config": "2.1.*"
            },
            "suggest": {
                "symfony/yaml": "2.1.*",
                "symfony/config": "2.1.*"
            },
            "time": "2013-01-17 21:21:51",
            "type": "library",
            "installation-source": "dist",
            "autoload": {
                "psr-0": {
                    "Symfony\\Component\\DependencyInjection": ""
                }
            },
            "notification-url": "https://packagist.org/downloads/",
            "license": [
                "MIT"
            ],
            "authors": [
                {
                    "name": "Fabien Potencier",
                    "email": "fabien@symfony.com"
                },
                {
                    "name": "Symfony Community",
                    "homepage": "http://symfony.com/contributors"
                }
            ],
            "description": "Symfony DependencyInjection Component",
            "homepage": "http://symfony.com"
        },
        {
            "name": "symfony/event-dispatcher",
            "version": "v2.1.7",
            "target-dir": "Symfony/Component/EventDispatcher",
            "source": {
                "type": "git",
                "url": "https://github.com/symfony/EventDispatcher",
                "reference": "v2.1.7"
            },
            "dist": {
                "type": "zip",
                "url": "https://github.com/symfony/EventDispatcher/archive/v2.1.7.zip",
                "reference": "v2.1.7",
                "shasum": ""
            },
            "require": {
                "php": ">=5.3.3"
            },
            "require-dev": {
                "symfony/dependency-injection": "2.1.*"
            },
            "suggest": {
                "symfony/dependency-injection": "2.1.*",
                "symfony/http-kernel": "2.1.*"
            },
            "time": "2013-01-11 00:31:43",
            "type": "library",
            "installation-source": "dist",
            "autoload": {
                "psr-0": {
                    "Symfony\\Component\\EventDispatcher": ""
                }
            },
            "notification-url": "https://packagist.org/downloads/",
            "license": [
                "MIT"
            ],
            "authors": [
                {
                    "name": "Fabien Potencier",
                    "email": "fabien@symfony.com"
                },
                {
                    "name": "Symfony Community",
                    "homepage": "http://symfony.com/contributors"
                }
            ],
            "description": "Symfony EventDispatcher Component",
            "homepage": "http://symfony.com"
        },
        {
            "name": "symfony/http-foundation",
            "version": "v2.1.7",
            "target-dir": "Symfony/Component/HttpFoundation",
            "source": {
                "type": "git",
                "url": "https://github.com/symfony/HttpFoundation",
                "reference": "v2.1.7"
            },
            "dist": {
                "type": "zip",
                "url": "https://github.com/symfony/HttpFoundation/archive/v2.1.7.zip",
                "reference": "v2.1.7",
                "shasum": ""
            },
            "require": {
                "php": ">=5.3.3"
            },
            "time": "2013-01-11 00:31:43",
            "type": "library",
            "installation-source": "dist",
            "autoload": {
                "psr-0": {
                    "Symfony\\Component\\HttpFoundation": "",
                    "SessionHandlerInterface": "Symfony/Component/HttpFoundation/Resources/stubs"
                }
            },
            "notification-url": "https://packagist.org/downloads/",
            "license": [
                "MIT"
            ],
            "authors": [
                {
                    "name": "Fabien Potencier",
                    "email": "fabien@symfony.com"
                },
                {
                    "name": "Symfony Community",
                    "homepage": "http://symfony.com/contributors"
                }
            ],
            "description": "Symfony HttpFoundation Component",
            "homepage": "http://symfony.com"
        },
        {
            "name": "symfony/routing",
            "version": "v2.1.7",
            "target-dir": "Symfony/Component/Routing",
            "source": {
                "type": "git",
                "url": "https://github.com/symfony/Routing",
                "reference": "v2.1.7"
            },
            "dist": {
                "type": "zip",
                "url": "https://api.github.com/repos/symfony/Routing/zipball/v2.1.7",
                "reference": "v2.1.7",
                "shasum": ""
            },
            "require": {
                "php": ">=5.3.3"
            },
            "require-dev": {
                "symfony/config": "2.1.*",
                "symfony/yaml": "2.1.*",
                "symfony/http-kernel": "2.1.*",
                "doctrine/common": ">=2.2,<2.4-dev"
            },
            "suggest": {
                "symfony/config": "2.1.*",
                "symfony/yaml": "2.1.*",
                "doctrine/common": ">=2.2,<2.4-dev"
            },
            "time": "2013-01-09 08:51:07",
            "type": "library",
            "installation-source": "dist",
            "autoload": {
                "psr-0": {
                    "Symfony\\Component\\Routing": ""
                }
            },
            "notification-url": "https://packagist.org/downloads/",
            "license": [
                "MIT"
            ],
            "authors": [
                {
                    "name": "Fabien Potencier",
                    "email": "fabien@symfony.com"
                },
                {
                    "name": "Symfony Community",
                    "homepage": "http://symfony.com/contributors"
                }
            ],
            "description": "Symfony Routing Component",
            "homepage": "http://symfony.com"
        },
        {
            "name": "symfony/yaml",
            "version": "v2.1.7",
            "target-dir": "Symfony/Component/Yaml",
            "source": {
                "type": "git",
                "url": "https://github.com/symfony/Yaml",
                "reference": "v2.1.7"
            },
            "dist": {
                "type": "zip",
                "url": "https://api.github.com/repos/symfony/Yaml/zipball/v2.1.7",
                "reference": "v2.1.7",
                "shasum": ""
            },
            "require": {
                "php": ">=5.3.3"
            },
            "time": "2013-01-17 21:21:51",
            "type": "library",
            "installation-source": "dist",
            "autoload": {
                "psr-0": {
                    "Symfony\\Component\\Yaml": ""
                }
            },
            "notification-url": "https://packagist.org/downloads/",
            "license": [
                "MIT"
            ],
            "authors": [
                {
                    "name": "Fabien Potencier",
                    "email": "fabien@symfony.com"
                },
                {
                    "name": "Symfony Community",
                    "homepage": "http://symfony.com/contributors"
                }
            ],
            "description": "Symfony Yaml Component",
            "homepage": "http://symfony.com"
        }
    ],
    "packages-dev": [

    ],
    "aliases": [

    ],
    "minimum-stability": "stable",
    "stability-flags": {
        "luracast/restler": 20
    }
}
