# THIS IS AN AUTOGENERATED FILE. DO NOT EDIT THIS FILE DIRECTLY.
# yarn lockfile v1


ajv-keywords@^3.1.0:
  version "3.4.1"
  resolved "https://registry.yarnpkg.com/ajv-keywords/-/ajv-keywords-3.4.1.tgz#ef916e271c64ac12171fd8384eaae6b2345854da"
  integrity sha512-RO1ibKvd27e6FEShVFfPALuHI3WjSVNeK5FIsmme/LYRNxjKuNj+Dt7bucLa6NdSv3JcVTyMlm9kGR84z1XpaQ==

ajv@^6.1.0:
  version "6.12.0"
  resolved "https://registry.yarnpkg.com/ajv/-/ajv-6.12.0.tgz#06d60b96d87b8454a5adaba86e7854da629db4b7"
  integrity sha512-D6gFiFA0RRLyUbvijN74DWAjXSFxWKaWP7mldxkVhyhAV3+SWA9HEJPHQ2c9soIeTFJqcSdFDGFgdqs1iUU2Hw==
  dependencies:
    fast-deep-equal "^3.1.1"
    fast-json-stable-stringify "^2.0.0"
    json-schema-traverse "^0.4.1"
    uri-js "^4.2.2"

angular-animate@1.7.9:
  version "1.7.9"
  resolved "https://registry.yarnpkg.com/angular-animate/-/angular-animate-1.7.9.tgz#a397f82434c1e7ed5b7a298fa70fc3de989a6785"
  integrity sha512-fV+AISy/HTzurQH2ngsJg+lLIvfu0ahc1h4AYKauaXVw97rZc2k4iUA1bMstiEyClsdayQX568kjQc1NK+oYhw==

angular-bootstrap-colorpicker@3.0.32:
  version "3.0.32"
  resolved "https://registry.yarnpkg.com/angular-bootstrap-colorpicker/-/angular-bootstrap-colorpicker-3.0.32.tgz#1080b1ab9802c1bae1919badb26417de6758ef3d"
  integrity sha512-5BRShlkKStFxnEz/hgvY9edlmRY2KJiIfDTt+nNT0jkM5PMe4qmDuARtaw73TjIKZyjUvjXv9yzheWvqDYcfEQ==

angular-chart.js@1.1.1:
  version "1.1.1"
  resolved "https://registry.yarnpkg.com/angular-chart.js/-/angular-chart.js-1.1.1.tgz#49f0e18d081762b6d4c9791e487aff2fbb30f5ae"
  integrity sha1-SfDhjQgXYrbUyXkeSHr/L7sw9a4=
  dependencies:
    angular "1.x"
    chart.js "2.3.x"

angular-file-model@0.3.1:
  version "0.3.1"
  resolved "https://registry.yarnpkg.com/angular-file-model/-/angular-file-model-0.3.1.tgz#745ac066a1daaf827e61fc3aed142ae0b7ff4585"
  integrity sha1-dFrAZqHar4J+Yfw67RQq4Lf/RYU=

angular-file-upload@2.5.0:
  version "2.5.0"
  resolved "https://registry.yarnpkg.com/angular-file-upload/-/angular-file-upload-2.5.0.tgz#0f53c93fbc70ed8ba8340a9a289ba64b680e2167"
  integrity sha1-D1PJP7xw7YuoNAqaKJumS2gOIWc=

angular-filter@^0.5.17:
  version "0.5.17"
  resolved "https://registry.yarnpkg.com/angular-filter/-/angular-filter-0.5.17.tgz#60c0c7380fd45872cb8f10801cfe07e154062935"
  integrity sha1-YMDHOA/UWHLLjxCAHP4H4VQGKTU=
  dependencies:
    angular "*"

angular-jwt@0.1.11:
  version "0.1.11"
  resolved "https://registry.yarnpkg.com/angular-jwt/-/angular-jwt-0.1.11.tgz#a72b7583c7cf2f2d7acda169a4114141c83f9c91"
  integrity sha512-793dv5vXOXaW5/cweMd+sqSf9dPhbazDya3szTVOQ84MDEj1nYLJrixBBa7WNtZeMqz7ylWX7djnFgqLjEWcHw==

angular-loading-bar@0.9.0:
  version "0.9.0"
  resolved "https://registry.yarnpkg.com/angular-loading-bar/-/angular-loading-bar-0.9.0.tgz#37ef52c25f102c216e7b3cdfd2fc5a5df9628e45"
  integrity sha1-N+9Swl8QLCFuezzf0vxaXflijkU=

"angular-nanoscroller@https://github.com/maxaon/angular-nanoscroller.git#0.2.1":
  version "0.0.0"
  resolved "https://github.com/maxaon/angular-nanoscroller.git#122dcf7a3fc54235ac29482b75da437d6e563742"

angular-recaptcha@4.1.5:
  version "4.1.5"
  resolved "https://registry.yarnpkg.com/angular-recaptcha/-/angular-recaptcha-4.1.5.tgz#26820118debded206fb2cb5a24504af8fd0ec073"
  integrity sha512-xHVlRCfbn2OdEPYnE7kiPAdFacEq6Q/D7BmdjelmE8W/LnF49mn0Blx/lnj8PgvWtnkB6iWctF4EFM7y4rMPhg==

angular-route@1.7.9:
  version "1.7.9"
  resolved "https://registry.yarnpkg.com/angular-route/-/angular-route-1.7.9.tgz#f9910a2af0ba3ad7a969c5dd369b8360d0d5e4ef"
  integrity sha512-vRoj5hzdQtWbODhWJqDzD1iNOEfCKshO6GFBuPVV7RHlPjzIc4R2dHCc7Qiv/8F3LDxJDohc6vSnTDMLHuaqeA==

angular-sanitize@1.7.9:
  version "1.7.9"
  resolved "https://registry.yarnpkg.com/angular-sanitize/-/angular-sanitize-1.7.9.tgz#6b4d5e826abdabd352b13a7c65c8c74daf6a7b15"
  integrity sha512-nB/xe7JQWF9nLvhHommAICQ3eWrfRETo0EVGFESi952CDzDa+GAJ/2BFBNw44QqQPxj1Xua/uYKrbLsOGWZdbQ==

angular-swfobject@1.2.1:
  version "1.2.1"
  resolved "https://registry.yarnpkg.com/angular-swfobject/-/angular-swfobject-1.2.1.tgz#2cdf07272d40a0c3d5abfc7cac377d9ed61bfa59"
  integrity sha1-LN8HJy1AoMPVq/x8rDd9ntYb+lk=
  dependencies:
    swfobject-npm "^2.3.0-1"

angular-tinycon@2.1.0:
  version "2.1.0"
  resolved "https://registry.yarnpkg.com/angular-tinycon/-/angular-tinycon-2.1.0.tgz#21ef37cbcaa11aebce50a09b6873a29d7093ee16"
  integrity sha1-Ie83y8qhGuvOUKCbaHOinXCT7hY=
  dependencies:
    tinycon2 "0.6.4"

angular-touch@1.7.9:
  version "1.7.9"
  resolved "https://registry.yarnpkg.com/angular-touch/-/angular-touch-1.7.9.tgz#a85375407f9f2fb20442cb3ded48937c558d9267"
  integrity sha512-qNKWUnecfah4mZxG7GM96AemhXyOVcE03kg3SrWExfmyO/hQNPE50Qqyszb+1UE8GO7WiWOYn1Y5wn9CtOInqA==

angular-translate@2.18.2:
  version "2.18.2"
  resolved "https://registry.yarnpkg.com/angular-translate/-/angular-translate-2.18.2.tgz#2a26653d179f7043c0ffa66fdf65155d01c82e06"
  integrity sha512-aAtNieh0fUv6yM6vKuWsdswT0BbOf6kvsu+QZ15Fp10rKEienMs3M8aPWyd9IVZ5pA1GaRJir6T8OvWGG4J+Fw==
  dependencies:
    angular "^1.7.9"

angular-ui-bootstrap@2.5.0:
  version "2.5.0"
  resolved "https://registry.yarnpkg.com/angular-ui-bootstrap/-/angular-ui-bootstrap-2.5.0.tgz#2facefb915386655dc5f44150258032517236d01"
  integrity sha1-L6zvuRU4ZlXcX0QVAlgDJRcjbQE=

angular-ui-bootstrap@>=0.14.0:
  version "2.5.6"
  resolved "https://registry.yarnpkg.com/angular-ui-bootstrap/-/angular-ui-bootstrap-2.5.6.tgz#23937322ec641a6fbee16498cc32452aa199e7c5"
  integrity sha512-yzcHpPMLQl0232nDzm5P4iAFTFQ9dMw0QgFLuKYbDj9M0xJ62z0oudYD/Lvh1pWfRsukiytP4Xj6BHOSrSXP8A==

angular-ui-tab-scroll@2.3.5:
  version "2.3.5"
  resolved "https://registry.yarnpkg.com/angular-ui-tab-scroll/-/angular-ui-tab-scroll-2.3.5.tgz#4e315a88aa56f375461608f65223b74c6c60aa04"
  integrity sha512-0VimeNYtPGWTiqPLGQWu3oVtetZ4EC1wQ31OVQFoFEaX7f5C9FJHZtOtWJ9t6QMqL36iafP5SsuO9Q8LIfuZMw==
  dependencies:
    angular ">=1.4.6"
    angular-ui-bootstrap ">=0.14.0"
    bootstrap ">=3.1.1"

angular-ui-tree@2.22.6:
  version "2.22.6"
  resolved "https://registry.yarnpkg.com/angular-ui-tree/-/angular-ui-tree-2.22.6.tgz#849727fdd1d13d84c1a590bb08934cc224e5a407"
  integrity sha512-VzuXM6NdYeQD0Y1RF5oTYc3o8yoW9mtxhnJs5Fvwu40V1Alzq7ybJj+kvApXZ69M0mvRd8LLM+3Q4pI26md+fA==

"angular-webstorage@https://github.com/fredricrylander/angular-webstorage.git#0.14.0":
  version "0.0.0"
  resolved "https://github.com/fredricrylander/angular-webstorage.git#b5b4e139bccddd98befa6c7a10322bc5c942d0d6"

angular@*, angular@1.7.9, angular@1.x, angular@>=1.4.6, angular@^1.7.9:
  version "1.7.9"
  resolved "https://registry.yarnpkg.com/angular/-/angular-1.7.9.tgz#e52616e8701c17724c3c238cfe4f9446fd570bc4"
  integrity sha512-5se7ZpcOtu0MBFlzGv5dsM1quQDoDeUTwZrWjGtTNA7O88cD8TEk5IEKCTDa3uECV9XnvKREVUr7du1ACiWGFQ==

angulartics@0.18.0:
  version "0.18.0"
  resolved "https://registry.yarnpkg.com/angulartics/-/angulartics-0.18.0.tgz#2ca8627e90f6fbe4874ce9d35485872abeec848c"
  integrity sha1-LKhifpD2++SHTOnTVIWHKr7shIw=

animate.css@3.7.2:
  version "3.7.2"
  resolved "https://registry.yarnpkg.com/animate.css/-/animate.css-3.7.2.tgz#e73e0d50e92cb1cfef1597d9b38a9481020e08ea"
  integrity sha512-0bE8zYo7C0KvgOYrSVfrzkbYk6IOTVPNqkiHg2cbyF4Pq/PXzilz4BRWA3hwEUBoMp5VBgrC29lQIZyhRWdBTw==

atob@^2.1.2:
  version "2.1.2"
  resolved "https://registry.yarnpkg.com/atob/-/atob-2.1.2.tgz#6d9517eb9e030d2436666651e86bd9f6f13533c9"
  integrity sha512-Wm6ukoaOGJi/73p/cl2GvLjTI5JM1k/O14isD73YML8StrH/7/lRFgmg8nICZgD3bZZvjwCGxtMOD3wWNAu8cg==

big.js@^5.2.2:
  version "5.2.2"
  resolved "https://registry.yarnpkg.com/big.js/-/big.js-5.2.2.tgz#65f0af382f578bcdc742bd9c281e9cb2d7768328"
  integrity sha512-vyL2OymJxmarO8gxMr0mhChsO9QGwhynfuu4+MHTAW6czfq9humCB7rKpUjDd9YUiDPU4mzpyupFSvOClAwbmQ==

bootstrap@3.4.1, bootstrap@^3.3:
  version "3.4.1"
  resolved "https://registry.yarnpkg.com/bootstrap/-/bootstrap-3.4.1.tgz#c3a347d419e289ad11f4033e3c4132b87c081d72"
  integrity sha512-yN5oZVmRCwe5aKwzRj6736nSmKDX7pLYwsXiCj/EYmo16hODaBiT4En5btW/jhBF/seV+XMx3aYwukYC3A49DA==

bootstrap@>=3.1.1:
  version "4.4.1"
  resolved "https://registry.yarnpkg.com/bootstrap/-/bootstrap-4.4.1.tgz#8582960eea0c5cd2bede84d8b0baf3789c3e8b01"
  integrity sha512-tbx5cHubwE6e2ZG7nqM3g/FZ5PQEDMWmMGNrCUBVRPHXTJaH7CBDdsLeu3eCh3B1tzAxTnAbtmrzvWEvT2NNEA==

chart.js@2.3.x:
  version "2.3.0"
  resolved "https://registry.yarnpkg.com/chart.js/-/chart.js-2.3.0.tgz#40460e48e2c417c05fc3325cd84f7b000dc7d7d6"
  integrity sha1-QEYOSOLEF8BfwzJc2E97AA3H19Y=
  dependencies:
    chartjs-color "^2.0.0"
    moment "^2.10.6"

chart.js@2.9.3:
  version "2.9.3"
  resolved "https://registry.yarnpkg.com/chart.js/-/chart.js-2.9.3.tgz#ae3884114dafd381bc600f5b35a189138aac1ef7"
  integrity sha512-+2jlOobSk52c1VU6fzkh3UwqHMdSlgH1xFv9FKMqHiNCpXsGPQa/+81AFa+i3jZ253Mq9aAycPwDjnn1XbRNNw==
  dependencies:
    chartjs-color "^2.1.0"
    moment "^2.10.2"

chartjs-color-string@^0.6.0:
  version "0.6.0"
  resolved "https://registry.yarnpkg.com/chartjs-color-string/-/chartjs-color-string-0.6.0.tgz#1df096621c0e70720a64f4135ea171d051402f71"
  integrity sha512-TIB5OKn1hPJvO7JcteW4WY/63v6KwEdt6udfnDE9iCAZgy+V4SrbSxoIbTw/xkUIapjEI4ExGtD0+6D3KyFd7A==
  dependencies:
    color-name "^1.0.0"

chartjs-color@^2.0.0, chartjs-color@^2.1.0:
  version "2.4.1"
  resolved "https://registry.yarnpkg.com/chartjs-color/-/chartjs-color-2.4.1.tgz#6118bba202fe1ea79dd7f7c0f9da93467296c3b0"
  integrity sha512-haqOg1+Yebys/Ts/9bLo/BqUcONQOdr/hoEr2LLTRl6C5LXctUdHxsCYfvQVg5JIxITrfCNUDr4ntqmQk9+/0w==
  dependencies:
    chartjs-color-string "^0.6.0"
    color-convert "^1.9.3"

checklist-model@1.0.0:
  version "1.0.0"
  resolved "https://registry.yarnpkg.com/checklist-model/-/checklist-model-1.0.0.tgz#13f693af393e929b082fa29681a1597449fd4dd8"
  integrity sha512-ZDaTrfKeUSleZjyNqTjD1+QKU6iK1qlXH1GwixX59xEKPiRFu4anDh0U8brNjjEef+SM6vyQb87YWhI5CU8eNg==

"ckeditor4@https://github.com/ckeditor/ckeditor4-releases.git#4.5.0":
  version "0.0.0"
  resolved "https://github.com/ckeditor/ckeditor4-releases.git#b9fe1742a56f167307062b0807bc7f8e1bbb3311"

color-convert@^1.9.3:
  version "1.9.3"
  resolved "https://registry.yarnpkg.com/color-convert/-/color-convert-1.9.3.tgz#bb71850690e1f136567de629d2d5471deda4c1e8"
  integrity sha512-QfAUtd+vFdAtFQcC8CCyYt1fYWxSqAiK2cSD6zDB8N3cpsEBAvRxp9zOGg6G/SHHJYAT88/az/IuDGALsNVbGg==
  dependencies:
    color-name "1.1.3"

color-name@1.1.3:
  version "1.1.3"
  resolved "https://registry.yarnpkg.com/color-name/-/color-name-1.1.3.tgz#a7d0558bd89c42f795dd42328f740831ca53bc25"
  integrity sha1-p9BVi9icQveV3UIyj3QIMcpTvCU=

color-name@^1.0.0:
  version "1.1.4"
  resolved "https://registry.yarnpkg.com/color-name/-/color-name-1.1.4.tgz#c2a09a87acbde69543de6f63fa3995c826c536a2"
  integrity sha512-dOy+3AuW3a2wNbZHIuMZpTcgjGuLU/uBL/ubcZF9OXbDo8ff4O8yVp5Bf0efS8uEoYo5q4Fx7dY9OgQGXgAsQA==

css@*:
  version "2.2.4"
  resolved "https://registry.yarnpkg.com/css/-/css-2.2.4.tgz#c646755c73971f2bba6a601e2cf2fd71b1298929"
  integrity sha512-oUnjmWpy0niI3x/mPL8dVEI1l7MnG3+HHyRPHf+YFSbK+svOhXpmSOcDURUh2aOCgl2grzrOPt1nHLuCVFULLw==
  dependencies:
    inherits "^2.0.3"
    source-map "^0.6.1"
    source-map-resolve "^0.5.2"
    urix "^0.1.0"

decode-uri-component@^0.2.0:
  version "0.2.0"
  resolved "https://registry.yarnpkg.com/decode-uri-component/-/decode-uri-component-0.2.0.tgz#eb3913333458775cb84cd1a1fae062106bb87545"
  integrity sha1-6zkTMzRYd1y4TNGh+uBiEGu4dUU=

emojis-list@^3.0.0:
  version "3.0.0"
  resolved "https://registry.yarnpkg.com/emojis-list/-/emojis-list-3.0.0.tgz#5570662046ad29e2e916e71aae260abdff4f6a78"
  integrity sha512-/kyM18EfinwXZbno9FyUGeFh87KC8HRQBQGildHZbEuRyWFOmv1U10o9BBp8XVZDVNNuQKyIGIu5ZYAAXJ0V2Q==

eonasdan-bootstrap-datetimepicker@4.17.47:
  version "4.17.47"
  resolved "https://registry.yarnpkg.com/eonasdan-bootstrap-datetimepicker/-/eonasdan-bootstrap-datetimepicker-4.17.47.tgz#7a49970044065276e7965efd16f822735219e735"
  integrity sha1-ekmXAEQGUnbnll79Fvgic1IZ5zU=
  dependencies:
    bootstrap "^3.3"
    jquery "^1.8.3 || ^2.0 || ^3.0"
    moment "^2.10"
    moment-timezone "^0.4.0"

fast-deep-equal@^3.1.1:
  version "3.1.1"
  resolved "https://registry.yarnpkg.com/fast-deep-equal/-/fast-deep-equal-3.1.1.tgz#545145077c501491e33b15ec408c294376e94ae4"
  integrity sha512-8UEa58QDLauDNfpbrX55Q9jrGHThw2ZMdOky5Gl1CDtVeJDPVrG4Jxx1N8jw2gkWaff5UUuX1KJd+9zGe2B+ZA==

fast-json-stable-stringify@^2.0.0:
  version "2.1.0"
  resolved "https://registry.yarnpkg.com/fast-json-stable-stringify/-/fast-json-stable-stringify-2.1.0.tgz#874bf69c6f404c2b5d99c481341399fd55892633"
  integrity sha512-lhd/wF+Lk98HZoTCtlVraHtfh5XYijIjalXck7saUtuanSDyLMxnHhSXEDJqHxD7msR8D0uCmqlkwjCV8xvwHw==

"flag-sprites@https://github.com/LeoColomb/flag-sprites.git#1.1.1":
  version "0.0.0"
  resolved "https://github.com/LeoColomb/flag-sprites.git#be097440bdd782cadc80a0c166f2e9f5578e2f80"

font-awesome@4.7.0:
  version "4.7.0"
  resolved "https://registry.yarnpkg.com/font-awesome/-/font-awesome-4.7.0.tgz#8fa8cf0411a1a31afd07b06d2902bb9fc815a133"
  integrity sha1-j6jPBBGhoxr9B7BtKQK7n8gVoTM=

gmaps@0.4.22:
  version "0.4.22"
  resolved "https://registry.yarnpkg.com/gmaps/-/gmaps-0.4.22.tgz#a1cf1f4a9d7fb3a09c44c3234fecb559aa037779"
  integrity sha1-oc8fSp1/s6CcRMMjT+y1WaoDd3k=

"imageresize@https://github.com/nmmf/imageresize.git":
  version "0.0.0"
  resolved "https://github.com/nmmf/imageresize.git#3bf13dc04754f9850b42f971bc21f645cbd72b54"

inherits@^2.0.3:
  version "2.0.4"
  resolved "https://registry.yarnpkg.com/inherits/-/inherits-2.0.4.tgz#0fa2c64f932917c3433a0ded55363aae37416b7c"
  integrity sha512-k/vGaX4/Yla3WzyMCvTQOXYeIHvqOKtnqBduzTHpzpQZzAskKMhZ2K+EnBiSM9zGSoIFeMpXKxa4dYeZIQqewQ==

jquery-ui-dist@1.12.1:
  version "1.12.1"
  resolved "https://registry.yarnpkg.com/jquery-ui-dist/-/jquery-ui-dist-1.12.1.tgz#5c0815d3cc6f90ff5faaf5b268a6e23b4ca904fa"
  integrity sha1-XAgV08xvkP9fqvWyaKbiO0ypBPo=

"jquery-ui-touch-punch@https://github.com/furf/jquery-ui-touch-punch.git":
  version "0.0.0"
  resolved "https://github.com/furf/jquery-ui-touch-punch.git#4bc009145202d9c7483ba85f3a236a8f3470354d"

jquery@3.4.1, jquery@>=1.6, "jquery@^1.8.3 || ^2.0 || ^3.0":
  version "3.4.1"
  resolved "https://registry.yarnpkg.com/jquery/-/jquery-3.4.1.tgz#714f1f8d9dde4bdfa55764ba37ef214630d80ef2"
  integrity sha512-36+AdBzCL+y6qjw5Tx7HgzeGCzC81MDDgaUP8ld2zhx58HdqXGoBd+tHdrBMiyjGQs0Hxs/MLZTu/eHNJJuWPw==

json-schema-traverse@^0.4.1:
  version "0.4.1"
  resolved "https://registry.yarnpkg.com/json-schema-traverse/-/json-schema-traverse-0.4.1.tgz#69f6a87d9513ab8bb8fe63bdb0979c448e684660"
  integrity sha512-xbbCH5dCYU5T8LcEhhuh7HJ88HXuW3qsI3Y0zOZFKfZEHcpWiHU/Jxzk629Brsab/mMiHQti9wMP+845RPe3Vg==

json5@^1.0.1:
  version "1.0.1"
  resolved "https://registry.yarnpkg.com/json5/-/json5-1.0.1.tgz#779fb0018604fa854eacbf6252180d83543e3dbe"
  integrity sha512-aKS4WQjPenRxiQsC93MNfjx+nbF4PAdYzmd/1JIj8HYzqfbu86beTuNgXDzPknWk0n0uARlyewZo4s++ES36Ow==
  dependencies:
    minimist "^1.2.0"

loader-utils@^1.0.0:
  version "1.4.0"
  resolved "https://registry.yarnpkg.com/loader-utils/-/loader-utils-1.4.0.tgz#c579b5e34cb34b1a74edc6c1fb36bfa371d5a613"
  integrity sha512-qH0WSMBtn/oHuwjy/NucEgbx5dbxxnxup9s4PVXJUDHZBQY+s0NWA9rJf53RBnQZxfch7euUui7hpoAPvALZdA==
  dependencies:
    big.js "^5.2.2"
    emojis-list "^3.0.0"
    json5 "^1.0.1"

lodash@4.17.15:
  version "4.17.15"
  resolved "https://registry.yarnpkg.com/lodash/-/lodash-4.17.15.tgz#b447f6670a0455bbfeedd11392eff330ea097548"
  integrity sha512-8xOcRHvCjnocdS5cpwXQXVzmmh5e5+saE2QGoeQmbKmRS6J3VQppPOIt0MnmE+4xlZoumy0GPG0D0MVIQbNA1A==

"messenger@https://github.com/HubSpot/messenger.git#1.5.0":
  version "1.5.0"
  resolved "https://github.com/HubSpot/messenger.git#8fbf20e5e01070e65d6ca4f2314ab0928e8682fe"

minimist@^1.2.0:
  version "1.2.0"
  resolved "https://registry.yarnpkg.com/minimist/-/minimist-1.2.0.tgz#a35008b20f41383eec1fb914f4cd5df79a264284"
  integrity sha1-o1AIsg9BOD7sH7kU9M1d95omQoQ=

moment-timezone@0.5.28:
  version "0.5.28"
  resolved "https://registry.yarnpkg.com/moment-timezone/-/moment-timezone-0.5.28.tgz#f093d789d091ed7b055d82aa81a82467f72e4338"
  integrity sha512-TDJkZvAyKIVWg5EtVqRzU97w0Rb0YVbfpqyjgu6GwXCAohVRqwZjf4fOzDE6p1Ch98Sro/8hQQi65WDXW5STPw==
  dependencies:
    moment ">= 2.9.0"

moment-timezone@^0.4.0:
  version "0.4.1"
  resolved "https://registry.yarnpkg.com/moment-timezone/-/moment-timezone-0.4.1.tgz#81f598c3ad5e22cdad796b67ecd8d88d0f5baa06"
  integrity sha1-gfWYw61eIs2teWtn7NjYjQ9bqgY=
  dependencies:
    moment ">= 2.6.0"

moment@2.24.0, "moment@>= 2.6.0", "moment@>= 2.9.0", moment@^2.10, moment@^2.10.2, moment@^2.10.6:
  version "2.24.0"
  resolved "https://registry.yarnpkg.com/moment/-/moment-2.24.0.tgz#0d055d53f5052aa653c9f6eb68bb5d12bf5c2b5b"
  integrity sha512-bV7f+6l2QigeBBZSM/6yTNq4P2fNpSWj/0e7jQcy87A8e7o2nAfP/34/2ky5Vw4B9S446EtIhodAzkFCcR4dQg==

nanoscroller@0.8.7:
  version "0.8.7"
  resolved "https://registry.yarnpkg.com/nanoscroller/-/nanoscroller-0.8.7.tgz#8295d0e993bbd54c44306b0ebb300a843f73bf92"
  integrity sha1-gpXQ6ZO71UxEMGsOuzAKhD9zv5I=
  dependencies:
    css "*"
    jquery ">=1.6"

ng-tags-input@3.2.0:
  version "3.2.0"
  resolved "https://registry.yarnpkg.com/ng-tags-input/-/ng-tags-input-3.2.0.tgz#91282de575130c8ab794797febf0972b0f3bba3e"
  integrity sha1-kSgt5XUTDIq3lHl/6/CXKw87uj4=

node-ensure@^0.0.0:
  version "0.0.0"
  resolved "https://registry.yarnpkg.com/node-ensure/-/node-ensure-0.0.0.tgz#ecae764150de99861ec5c810fd5d096b183932a7"
  integrity sha1-7K52QVDemYYexcgQ/V0Jaxg5Mqc=

pdfjs-dist@2.3.200:
  version "2.3.200"
  resolved "https://registry.yarnpkg.com/pdfjs-dist/-/pdfjs-dist-2.3.200.tgz#2920dc28ae7f2b8313cd6d6223c97ae85ac07eac"
  integrity sha512-+8wBjU5h8LPZOIvR9X2uCrp/8xWQG1DRDKMLg5lzGN1qyIAZlYUxA0KQyy12Nw5jN7ozulC6v97PMaDcLgAcFg==
  dependencies:
    node-ensure "^0.0.0"
    worker-loader "^2.0.0"

punycode@^2.1.0:
  version "2.1.1"
  resolved "https://registry.yarnpkg.com/punycode/-/punycode-2.1.1.tgz#b58b010ac40c22c5657616c8d2c2c02c7bf479ec"
  integrity sha512-XRsRjdf+j5ml+y/6GKHPZbrF/8p2Yga0JPtdqTIY2Xe5ohJPD9saDJJLPvp9+NSBprVvevdXZybnj2cv8OEd0A==

resolve-url@^0.2.1:
  version "0.2.1"
  resolved "https://registry.yarnpkg.com/resolve-url/-/resolve-url-0.2.1.tgz#2c637fe77c893afd2a663fe21aa9080068e2052a"
  integrity sha1-LGN/53yJOv0qZj/iGqkIAGjiBSo=

schema-utils@^0.4.0:
  version "0.4.7"
  resolved "https://registry.yarnpkg.com/schema-utils/-/schema-utils-0.4.7.tgz#ba74f597d2be2ea880131746ee17d0a093c68187"
  integrity sha512-v/iwU6wvwGK8HbU9yi3/nhGzP0yGSuhQMzL6ySiec1FSrZZDkhm4noOSWzrNFo/jEc+SJY6jRTwuwbSXJPDUnQ==
  dependencies:
    ajv "^6.1.0"
    ajv-keywords "^3.1.0"

select2@3.5.1:
  version "3.5.1"
  resolved "https://registry.yarnpkg.com/select2/-/select2-3.5.1.tgz#f2819489bbc65fd6d328be72bbe2b95dd7e87cfe"
  integrity sha1-8oGUibvGX9bTKL5yu+K5XdfofP4=

source-map-resolve@^0.5.2:
  version "0.5.3"
  resolved "https://registry.yarnpkg.com/source-map-resolve/-/source-map-resolve-0.5.3.tgz#190866bece7553e1f8f267a2ee82c606b5509a1a"
  integrity sha512-Htz+RnsXWk5+P2slx5Jh3Q66vhQj1Cllm0zvnaY98+NFx+Dv2CF/f5O/t8x+KaNdrdIAsruNzoh/KpialbqAnw==
  dependencies:
    atob "^2.1.2"
    decode-uri-component "^0.2.0"
    resolve-url "^0.2.1"
    source-map-url "^0.4.0"
    urix "^0.1.0"

source-map-url@^0.4.0:
  version "0.4.0"
  resolved "https://registry.yarnpkg.com/source-map-url/-/source-map-url-0.4.0.tgz#3e935d7ddd73631b97659956d55128e87b5084a3"
  integrity sha1-PpNdfd1zYxuXZZlW1VEo6HtQhKM=

source-map@^0.6.1:
  version "0.6.1"
  resolved "https://registry.yarnpkg.com/source-map/-/source-map-0.6.1.tgz#74722af32e9614e9c287a8d0bbde48b5e2f1a263"
  integrity sha512-UjgapumWlbMhkBgzT7Ykc5YXUT46F0iKu8SGXq0bcwP5dz/h0Plj6enJqjz1Zbq2l5WaqYnrVbwWOWMyF3F47g==

swfobject-npm@^2.3.0-1:
  version "2.3.0-1"
  resolved "https://registry.yarnpkg.com/swfobject-npm/-/swfobject-npm-2.3.0-1.tgz#6940c55010a46016fd89cecbfb82505cc7a4063e"
  integrity sha1-aUDFUBCkYBb9ic7L+4JQXMekBj4=

"swfobject@https://github.com/swfobject/swfobject.git#2.2":
  version "0.0.0"
  resolved "https://github.com/swfobject/swfobject.git#9e0104326a8913918f2170f15a69d60624c4bf68"

tinycon2@0.6.4:
  version "0.6.4"
  resolved "https://registry.yarnpkg.com/tinycon2/-/tinycon2-0.6.4.tgz#4c3959fad127740cd3aeb0baf8465929c8a94a1e"
  integrity sha1-TDlZ+tEndAzTrrC6+EZZKcipSh4=

ui-select@0.16.0:
  version "0.16.0"
  resolved "https://registry.yarnpkg.com/ui-select/-/ui-select-0.16.0.tgz#78ea7c99c143f16d9a7dc4509ab7263b4e01c0e7"
  integrity sha1-eOp8mcFD8W2afcRQmrcmO04BwOc=

uri-js@^4.2.2:
  version "4.2.2"
  resolved "https://registry.yarnpkg.com/uri-js/-/uri-js-4.2.2.tgz#94c540e1ff772956e2299507c010aea6c8838eb0"
  integrity sha512-KY9Frmirql91X2Qgjry0Wd4Y+YTdrdZheS8TFwvkbLWf/G5KNJDCh6pKL5OZctEW4+0Baa5idK2ZQuELRwPznQ==
  dependencies:
    punycode "^2.1.0"

urix@^0.1.0:
  version "0.1.0"
  resolved "https://registry.yarnpkg.com/urix/-/urix-0.1.0.tgz#da937f7a62e21fec1fd18d49b35c2935067a6c72"
  integrity sha1-2pN/emLiH+wf0Y1Js1wpNQZ6bHI=

worker-loader@^2.0.0:
  version "2.0.0"
  resolved "https://registry.yarnpkg.com/worker-loader/-/worker-loader-2.0.0.tgz#45fda3ef76aca815771a89107399ee4119b430ac"
  integrity sha512-tnvNp4K3KQOpfRnD20m8xltE3eWh89Ye+5oj7wXEEHKac1P4oZ6p9oTj8/8ExqoSBnk9nu5Pr4nKfQ1hn2APJw==
  dependencies:
    loader-utils "^1.0.0"
    schema-utils "^0.4.0"
